
Microsoft Visual Studio Solution File, Format Version 12.00
# Visual Studio Version 16
VisualStudioVersion = 16.0.31321.278
MinimumVisualStudioVersion = 10.0.40219.1
Project("{FAE04EC0-301F-11D3-BF4B-00C04F79EFBC}") = "Srp", "Srp\Srp.csproj", "{6B91FCC2-F1EF-4E0B-9B2E-F0A57390F5F4}"
EndProject
Project("{FAE04EC0-301F-11D3-BF4B-00C04F79EFBC}") = "Ocp", "Ocp\Ocp.csproj", "{497DD4EC-68B6-4D2D-B542-0C138501F50C}"
EndProject
Project("{FAE04EC0-301F-11D3-BF4B-00C04F79EFBC}") = "Lsp", "Lsp\Lsp.csproj", "{9D66DF8F-2136-4753-99FE-0308D876A891}"
EndProject
Project("{FAE04EC0-301F-11D3-BF4B-00C04F79EFBC}") = "Isp", "Isp\Isp.csproj", "{7F13FA03-6976-4B5B-9101-0F54E8FEEDFC}"
EndProject
Global
	GlobalSection(SolutionConfigurationPlatforms) = preSolution
		Debug|Any CPU = Debug|Any CPU
		Release|Any CPU = Release|Any CPU
	EndGlobalSection
	GlobalSection(ProjectConfigurationPlatforms) = postSolution
		{6B91FCC2-F1EF-4E0B-9B2E-F0A57390F5F4}.Debug|Any CPU.ActiveCfg = Debug|Any CPU
		{6B91FCC2-F1EF-4E0B-9B2E-F0A57390F5F4}.Debug|Any CPU.Build.0 = Debug|Any CPU
		{6B91FCC2-F1EF-4E0B-9B2E-F0A57390F5F4}.Release|Any CPU.ActiveCfg = Release|Any CPU
		{6B91FCC2-F1EF-4E0B-9B2E-F0A57390F5F4}.Release|Any CPU.Build.0 = Release|Any CPU
		{497DD4EC-68B6-4D2D-B542-0C138501F50C}.Debug|Any CPU.ActiveCfg = Debug|Any CPU
		{497DD4EC-68B6-4D2D-B542-0C138501F50C}.Debug|Any CPU.Build.0 = Debug|Any CPU
		{497DD4EC-68B6-4D2D-B542-0C138501F50C}.Release|Any CPU.ActiveCfg = Release|Any CPU
		{497DD4EC-68B6-4D2D-B542-0C138501F50C}.Release|Any CPU.Build.0 = Release|Any CPU
		{9D66DF8F-2136-4753-99FE-0308D876A891}.Debug|Any CPU.ActiveCfg = Debug|Any CPU
		{9D66DF8F-2136-4753-99FE-0308D876A891}.Debug|Any CPU.Build.0 = Debug|Any CPU
		{9D66DF8F-2136-4753-99FE-0308D876A891}.Release|Any CPU.ActiveCfg = Release|Any CPU
		{9D66DF8F-2136-4753-99FE-0308D876A891}.Release|Any CPU.Build.0 = Release|Any CPU
		{7F13FA03-6976-4B5B-9101-0F54E8FEEDFC}.Debug|Any CPU.ActiveCfg = Debug|Any CPU
		{7F13FA03-6976-4B5B-9101-0F54E8FEEDFC}.Debug|Any CPU.Build.0 = Debug|Any CPU
		{7F13FA03-6976-4B5B-9101-0F54E8FEEDFC}.Release|Any CPU.ActiveCfg = Release|Any CPU
		{7F13FA03-6976-4B5B-9101-0F54E8FEEDFC}.Release|Any CPU.Build.0 = Release|Any CPU
	EndGlobalSection
	GlobalSection(SolutionProperties) = preSolution
		HideSolutionNode = FALSE
	EndGlobalSection
	GlobalSection(ExtensibilityGlobals) = postSolution
		SolutionGuid = {F1FF9918-C51F-4F1C-AAFC-82958A31D450}
	EndGlobalSection
EndGlobal
